Microsoft Visual Studio Solution File, Format Version 12.00
# Visual Studio Version 17
VisualStudioVersion = 17.5.2.0
MinimumVisualStudioVersion = 10.0.40219.1
Project("{FAE04EC0-301F-11D3-BF4B-00C04F79EFBC}") = "MSALWebApp", "MSALWebApp.csproj", "{E4468B26-6791-F6B6-4475-47EEEF3B6D1F}"
EndProject
Global
	GlobalSection(SolutionConfigurationPlatforms) = preSolution
		Debug|Any CPU = Debug|Any CPU
		Release|Any CPU = Release|Any CPU
	EndGlobalSection
	GlobalSection(ProjectConfigurationPlatforms) = postSolution
		{E4468B26-6791-F6B6-4475-47EEEF3B6D1F}.Debug|Any CPU.ActiveCfg = Debug|Any CPU
		{E4468B26-6791-F6B6-4475-47EEEF3B6D1F}.Debug|Any CPU.Build.0 = Debug|Any CPU
		{E4468B26-6791-F6B6-4475-47EEEF3B6D1F}.Release|Any CPU.ActiveCfg = Release|Any CPU
		{E4468B26-6791-F6B6-4475-47EEEF3B6D1F}.Release|Any CPU.Build.0 = Release|Any CPU
	EndGlobalSection
	GlobalSection(SolutionProperties) = preSolution
		HideSolutionNode = FALSE
	EndGlobalSection
	GlobalSection(ExtensibilityGlobals) = postSolution
		SolutionGuid = {3B810117-5ADA-415B-8DDF-F6CEB84A2FCC}
	EndGlobalSection
EndGlobal
